
Microsoft Visual Studio Solution File, Format Version 12.00
# Visual Studio Version 17
VisualStudioVersion = 17.5.002.0
MinimumVisualStudioVersion = 10.0.40219.1
Project("{FAE04EC0-301F-11D3-BF4B-00C04F79EFBC}") = "StockGuru", "StockGuru.csproj", "{1D90F344-7088-463A-ABA3-29FAAD99184A}"
EndProject
Global
	GlobalSection(SolutionConfigurationPlatforms) = preSolution
		Debug|Any CPU = Debug|Any CPU
		Release|Any CPU = Release|Any CPU
	EndGlobalSection
	GlobalSection(ProjectConfigurationPlatforms) = postSolution
		{1D90F344-7088-463A-ABA3-29FAAD99184A}.Debug|Any CPU.ActiveCfg = Debug|Any CPU
		{1D90F344-7088-463A-ABA3-29FAAD99184A}.Debug|Any CPU.Build.0 = Debug|Any CPU
		{1D90F344-7088-463A-ABA3-29FAAD99184A}.Release|Any CPU.ActiveCfg = Release|Any CPU
		{1D90F344-7088-463A-ABA3-29FAAD99184A}.Release|Any CPU.Build.0 = Release|Any CPU
	EndGlobalSection
	GlobalSection(SolutionProperties) = preSolution
		HideSolutionNode = FALSE
	EndGlobalSection
	GlobalSection(ExtensibilityGlobals) = postSolution
		SolutionGuid = {60FBAE3A-77D5-4AD9-AF45-5915761109FB}
	EndGlobalSection
EndGlobal
